dependencies:
  espressif/esp_tinyusb:
    component_hash: 4fa75cb0739eddaf6aca1b57c4796387062f82eeb08435540792438beeb3316c
    source:
      service_url: https://api.components.espressif.com/
      type: service
    version: 0.0.1
  idf:
    component_hash: null
    source:
      type: idf
    version: 5.0.0
manifest_hash: 38bc6057c910cf10a941ccf8c76aa678f5822de0b0bfe54df6680015e7b3b47c
target: esp32s3
version: 1.0.0
